// !$*UTF8*$!
{
	archiveVersion = 1;
	classes = {
	};
	objectVersion = 50;
	objects = {

/* Begin PBXBuildFile section */
		5100C2A224735BB30068DA10 /* AppDelegate.m in Sources */ = {isa = PBXBuildFile; fileRef = 5100C2A124735BB30068DA10 /* AppDelegate.m */; };
		5100C2A524735BB30068DA10 /* SceneDelegate.m in Sources */ = {isa = PBXBuildFile; fileRef = 5100C2A424735BB30068DA10 /* SceneDelegate.m */; };
		5100C2A824735BB30068DA10 /* ViewController.m in Sources */ = {isa = PBXBuildFile; fileRef = 5100C2A724735BB30068DA10 /* ViewController.m */; };
		5100C2AB24735BB30068DA10 /* Main.storyboard in Resources */ = {isa = PBXBuildFile; fileRef = 5100C2A924735BB30068DA10 /* Main.storyboard */; };
		5100C2AD24735BB40068DA10 /* Assets.xcassets in Resources */ = {isa = PBXBuildFile; fileRef = 5100C2AC24735BB40068DA10 /* Assets.xcassets */; };
		5100C2B024735BB40068DA10 /* LaunchScreen.storyboard in Resources */ = {isa = PBXBuildFile; fileRef = 5100C2AE24735BB40068DA10 /* LaunchScreen.storyboard */; };
		5100C2B324735BB40068DA10 /* main.m in Sources */ = {isa = PBXBuildFile; fileRef = 5100C2B224735BB40068DA10 /* main.m */; };
		5100C2BD24735BB40068DA10 /* kkkTests.m in Sources */ = {isa = PBXBuildFile; fileRef = 5100C2BC24735BB40068DA10 /* kkkTests.m */; };
		5100C2C824735BB40068DA10 /* kkkUITests.m in Sources */ = {isa = PBXBuildFile; fileRef = 5100C2C724735BB40068DA10 /* kkkUITests.m */; };
/* End PBXBuildFile section */

/* Begin PBXContainerItemProxy section */
		5100C2B924735BB40068DA10 /* PBXContainerItemProxy */ = {
			isa = PBXContainerItemProxy;
			containerPortal = 5100C29524735BB30068DA10 /* Project object */;
			proxyType = 1;
			remoteGlobalIDString = 5100C29C24735BB30068DA10;
			remoteInfo = kkk;
		};
		5100C2C424735BB40068DA10 /* PBXContainerItemProxy */ = {
			isa = PBXContainerItemProxy;
			containerPortal = 5100C29524735BB30068DA10 /* Project object */;
			proxyType = 1;
			remoteGlobalIDString = 5100C29C24735BB30068DA10;
			remoteInfo = kkk;
		};
/* End PBXContainerItemProxy section */

/* Begin PBXFileReference section */
		5100C29D24735BB30068DA10 /* kkk.app */ = {isa = PBXFileReference; explicitFileType = wrapper.application; includeInIndex = 0; path = kkk.app; sourceTree = BUILT_PRODUCTS_DIR; };
		5100C2A024735BB30068DA10 /* AppDelegate.h */ = {isa = PBXFileReference; lastKnownFileType = sourcecode.c.h; path = AppDelegate.h; sourceTree = "<group>"; };
		5100C2A124735BB30068DA10 /* AppDelegate.m */ = {isa = PBXFileReference; lastKnownFileType = sourcecode.c.objc; path = AppDelegate.m; sourceTree = "<group>"; };
		5100C2A324735BB30068DA10 /* SceneDelegate.h */ = {isa = PBXFileReference; lastKnownFileType = sourcecode.c.h; path = SceneDelegate.h; sourceTree = "<group>"; };
		5100C2A424735BB30068DA10 /* SceneDelegate.m */ = {isa = PBXFileReference; lastKnownFileType = sourcecode.c.objc; path = SceneDelegate.m; sourceTree = "<group>"; };
		5100C2A624735BB30068DA10 /* ViewController.h */ = {isa = PBXFileReference; lastKnownFileType = sourcecode.c.h; path = ViewController.h; sourceTree = "<group>"; };
		5100C2A724735BB30068DA10 /* ViewController.m */ = {isa = PBXFileReference; lastKnownFileType = sourcecode.c.objc; path = ViewController.m; sourceTree = "<group>"; };
		5100C2AA24735BB30068DA10 /* Base */ = {isa = PBXFileReference; lastKnownFileType = file.storyboard; name = Base; path = Base.lproj/Main.storyboard; sourceTree = "<group>"; };
		5100C2AC24735BB40068DA10 /* Assets.xcassets */ = {isa = PBXFileReference; lastKnownFileType = folder.assetcatalog; path = Assets.xcassets; sourceTree = "<group>"; };
		5100C2AF24735BB40068DA10 /* Base */ = {isa = PBXFileReference; lastKnownFileType = file.storyboard; name = Base; path = Base.lproj/LaunchScreen.storyboard; sourceTree = "<group>"; };
		5100C2B124735BB40068DA10 /* Info.plist */ = {isa = PBXFileReference; lastKnownFileType = text.plist.xml; path = Info.plist; sourceTree = "<group>"; };
		5100C2B224735BB40068DA10 /* main.m */ = {isa = PBXFileReference; lastKnownFileType = sourcecode.c.objc; path = main.m; sourceTree = "<group>"; };
		5100C2B824735BB40068DA10 /* kkkTests.xctest */ = {isa = PBXFileReference; explicitFileType = wrapper.cfbundle; includeInIndex = 0; path = kkkTests.xctest; sourceTree = BUILT_PRODUCTS_DIR; };
		5100C2BC24735BB40068DA10 /* kkkTests.m */ = {isa = PBXFileReference; lastKnownFileType = sourcecode.c.objc; path = kkkTests.m; sourceTree = "<group>"; };
		5100C2BE24735BB40068DA10 /* Info.plist */ = {isa = PBXFileReference; lastKnownFileType = text.plist.xml; path = Info.plist; sourceTree = "<group>"; };
		5100C2C324735BB40068DA10 /* kkkUITests.xctest */ = {isa = PBXFileReference; explicitFileType = wrapper.cfbundle; includeInIndex = 0; path = kkkUITests.xctest; sourceTree = BUILT_PRODUCTS_DIR; };
		5100C2C724735BB40068DA10 /* kkkUITests.m */ = {isa = PBXFileReference; lastKnownFileType = sourcecode.c.objc; path = kkkUITests.m; sourceTree = "<group>"; };
		5100C2C924735BB40068DA10 /* Info.plist */ = {isa = PBXFileReference; lastKnownFileType = text.plist.xml; path = Info.plist; sourceTree = "<group>"; };
/* End PBXFileReference section */

/* Begin PBXFrameworksBuildPhase section */
		5100C29A24735BB30068DA10 /* Frameworks */ = {
			isa = PBXFrameworksBuildPhase;
			buildActionMask = 2147483647;
			files = (
			);
			runOnlyForDeploymentPostprocessing = 0;
		};
		5100C2B524735BB40068DA10 /* Frameworks */ = {
			isa = PBXFrameworksBuildPhase;
			buildActionMask = 2147483647;
			files = (
			);
			runOnlyForDeploymentPostprocessing = 0;
		};
		5100C2C024735BB40068DA10 /* Frameworks */ = {
			isa = PBXFrameworksBuildPhase;
			buildActionMask = 2147483647;
			files = (
			);
			runOnlyForDeploymentPostprocessing = 0;
		};
/* End PBXFrameworksBuildPhase section */

/* Begin PBXGroup section */
		5100C29424735BB30068DA10 = {
			isa = PBXGroup;
			children = (
				5100C29F24735BB30068DA10 /* kkk */,
				5100C2BB24735BB40068DA10 /* kkkTests */,
				5100C2C624735BB40068DA10 /* kkkUITests */,
				5100C29E24735BB30068DA10 /* Products */,
			);
			sourceTree = "<group>";
		};
		5100C29E24735BB30068DA10 /* Products */ = {
			isa = PBXGroup;
			children = (
				5100C29D24735BB30068DA10 /* kkk.app */,
				5100C2B824735BB40068DA10 /* kkkTests.xctest */,
				5100C2C324735BB40068DA10 /* kkkUITests.xctest */,
			);
			name = Products;
			sourceTree = "<group>";
		};
		5100C29F24735BB30068DA10 /* kkk */ = {
			isa = PBXGroup;
			children = (
				5100C2A024735BB30068DA10 /* AppDelegate.h */,
				5100C2A124735BB30068DA10 /* AppDelegate.m */,
				5100C2A324735BB30068DA10 /* SceneDelegate.h */,
				5100C2A424735BB30068DA10 /* SceneDelegate.m */,
				5100C2A624735BB30068DA10 /* ViewController.h */,
				5100C2A724735BB30068DA10 /* ViewController.m */,
				5100C2A924735BB30068DA10 /* Main.storyboard */,
				5100C2AC24735BB40068DA10 /* Assets.xcassets */,
				5100C2AE24735BB40068DA10 /* LaunchScreen.storyboard */,
				5100C2B124735BB40068DA10 /* Info.plist */,
				5100C2B224735BB40068DA10 /* main.m */,
			);
			path = kkk;
			sourceTree = "<group>";
		};
		5100C2BB24735BB40068DA10 /* kkkTests */ = {
			isa = PBXGroup;
			children = (
				5100C2BC24735BB40068DA10 /* kkkTests.m */,
				5100C2BE24735BB40068DA10 /* Info.plist */,
			);
			path = kkkTests;
			sourceTree = "<group>";
		};
		5100C2C624735BB40068DA10 /* kkkUITests */ = {
			isa = PBXGroup;
			children = (
				5100C2C724735BB40068DA10 /* kkkUITests.m */,
				5100C2C924735BB40068DA10 /* Info.plist */,
			);
			path = kkkUITests;
			sourceTree = "<group>";
		};
/* End PBXGroup section */

/* Begin PBXNativeTarget section */
		5100C29C24735BB30068DA10 /* kkk */ = {
			isa = PBXNativeTarget;
			buildConfigurationList = 5100C2CC24735BB40068DA10 /* Build configuration list for PBXNativeTarget "kkk" */;
			buildPhases = (
				5100C29924735BB30068DA10 /* Sources */,
				5100C29A24735BB30068DA10 /* Frameworks */,
				5100C29B24735BB30068DA10 /* Resources */,
			);
			buildRules = (
			);
			dependencies = (
			);
			name = kkk;
			productName = kkk;
			productReference = 5100C29D24735BB30068DA10 /* kkk.app */;
			productType = "com.apple.product-type.application";
		};
		5100C2B724735BB40068DA10 /* kkkTests */ = {
			isa = PBXNativeTarget;
			buildConfigurationList = 5100C2CF24735BB40068DA10 /* Build configuration list for PBXNativeTarget "kkkTests" */;
			buildPhases = (
				5100C2B424735BB40068DA10 /* Sources */,
				5100C2B524735BB40068DA10 /* Frameworks */,
				5100C2B624735BB40068DA10 /* Resources */,
			);
			buildRules = (
			);
			dependencies = (
				5100C2BA24735BB40068DA10 /* PBXTargetDependency */,
			);
			name = kkkTests;
			productName = kkkTests;
			productReference = 5100C2B824735BB40068DA10 /* kkkTests.xctest */;
			productType = "com.apple.product-type.bundle.unit-test";
		};
		5100C2C224735BB40068DA10 /* kkkUITests */ = {
			isa = PBXNativeTarget;
			buildConfigurationList = 5100C2D224735BB40068DA10 /* Build configuration list for PBXNativeTarget "kkkUITests" */;
			buildPhases = (
				5100C2BF24735BB40068DA10 /* Sources */,
				5100C2C024735BB40068DA10 /* Frameworks */,
				5100C2C124735BB40068DA10 /* Resources */,
			);
			buildRules = (
			);
			dependencies = (
				5100C2C524735BB40068DA10 /* PBXTargetDependency */,
			);
			name = kkkUITests;
			productName = kkkUITests;
			productReference = 5100C2C324735BB40068DA10 /* kkkUITests.xctest */;
			productType = "com.apple.product-type.bundle.ui-testing";
		};
/* End PBXNativeTarget section */

/* Begin PBXProject section */
		5100C29524735BB30068DA10 /* Project object */ = {
			isa = PBXProject;
			attributes = {
				LastUpgradeCheck = 1140;
				ORGANIZATIONNAME = activeKJS;
				TargetAttributes = {
					5100C29C24735BB30068DA10 = {
						CreatedOnToolsVersion = 11.4.1;
					};
					5100C2B724735BB40068DA10 = {
						CreatedOnToolsVersion = 11.4.1;
						TestTargetID = 5100C29C24735BB30068DA10;
					};
					5100C2C224735BB40068DA10 = {
						CreatedOnToolsVersion = 11.4.1;
						TestTargetID = 5100C29C24735BB30068DA10;
					};
				};
			};
			buildConfigurationList = 5100C29824735BB30068DA10 /* Build configuration list for PBXProject "kkk" */;
			compatibilityVersion = "Xcode 9.3";
			developmentRegion = en;
			hasScannedForEncodings = 0;
			knownRegions = (
				en,
				Base,
			);
			mainGroup = 5100C29424735BB30068DA10;
			productRefGroup = 5100C29E24735BB30068DA10 /* Products */;
			projectDirPath = "";
			projectRoot = "";
			targets = (
				5100C29C24735BB30068DA10 /* kkk */,
				5100C2B724735BB40068DA10 /* kkkTests */,
				5100C2C224735BB40068DA10 /* kkkUITests */,
			);
		};
/* End PBXProject section */

/* Begin PBXResourcesBuildPhase section */
		5100C29B24735BB30068DA10 /* Resources */ = {
			isa = PBXResourcesBuildPhase;
			buildActionMask = 2147483647;
			files = (
				5100C2B024735BB40068DA10 /* LaunchScreen.storyboard in Resources */,
				5100C2AD24735BB40068DA10 /* Assets.xcassets in Resources */,
				5100C2AB24735BB30068DA10 /* Main.storyboard in Resources */,
			);
			runOnlyForDeploymentPostprocessing = 0;
		};
		5100C2B624735BB40068DA10 /* Resources */ = {
			isa = PBXResourcesBuildPhase;
			buildActionMask = 2147483647;
			files = (
			);
			runOnlyForDeploymentPostprocessing = 0;
		};
		5100C2C124735BB40068DA10 /* Resources */ = {
			isa = PBXResourcesBuildPhase;
			buildActionMask = 2147483647;
			files = (
			);
			runOnlyForDeploymentPostprocessing = 0;
		};
/* End PBXResourcesBuildPhase section */

/* Begin PBXSourcesBuildPhase section */
		5100C29924735BB30068DA10 /* Sources */ = {
			isa = PBXSourcesBuildPhase;
			buildActionMask = 2147483647;
			files = (
				5100C2A824735BB30068DA10 /* ViewController.m in Sources */,
				5100C2A224735BB30068DA10 /* AppDelegate.m in Sources */,
				5100C2B324735BB40068DA10 /* main.m in Sources */,
				5100C2A524735BB30068DA10 /* SceneDelegate.m in Sources */,
			);
			runOnlyForDeploymentPostprocessing = 0;
		};
		5100C2B424735BB40068DA10 /* Sources */ = {
			isa = PBXSourcesBuildPhase;
			buildActionMask = 2147483647;
			files = (
				5100C2BD24735BB40068DA10 /* kkkTests.m in Sources */,
			);
			runOnlyForDeploymentPostprocessing = 0;
		};
		5100C2BF24735BB40068DA10 /* Sources */ = {
			isa = PBXSourcesBuildPhase;
			buildActionMask = 2147483647;
			files = (
				5100C2C824735BB40068DA10 /* kkkUITests.m in Sources */,
			);
			runOnlyForDeploymentPostprocessing = 0;
		};
/* End PBXSourcesBuildPhase section */

/* Begin PBXTargetDependency section */
		5100C2BA24735BB40068DA10 /* PBXTargetDependency */ = {
			isa = PBXTargetDependency;
			target = 5100C29C24735BB30068DA10 /* kkk */;
			targetProxy = 5100C2B924735BB40068DA10 /* PBXContainerItemProxy */;
		};
		5100C2C524735BB40068DA10 /* PBXTargetDependency */ = {
			isa = PBXTargetDependency;
			target = 5100C29C24735BB30068DA10 /* kkk */;
			targetProxy = 5100C2C424735BB40068DA10 /* PBXContainerItemProxy */;
		};
/* End PBXTargetDependency section */

/* Begin PBXVariantGroup section */
		5100C2A924735BB30068DA10 /* Main.storyboard */ = {
			isa = PBXVariantGroup;
			children = (
				5100C2AA24735BB30068DA10 /* Base */,
			);
			name = Main.storyboard;
			sourceTree = "<group>";
		};
		5100C2AE24735BB40068DA10 /* LaunchScreen.storyboard */ = {
			isa = PBXVariantGroup;
			children = (
				5100C2AF24735BB40068DA10 /* Base */,
			);
			name = LaunchScreen.storyboard;
			sourceTree = "<group>";
		};
/* End PBXVariantGroup section */

/* Begin XCBuildConfiguration section */
		5100C2CA24735BB40068DA10 /* Debug */ = {
			isa = XCBuildConfiguration;
			buildSettings = {
				ALWAYS_SEARCH_USER_PATHS = NO;
				CLANG_ANALYZER_NONNULL = YES;
				CLANG_ANALYZER_NUMBER_OBJECT_CONVERSION = YES_AGGRESSIVE;
				CLANG_CXX_LANGUAGE_STANDARD = "gnu++14";
				CLANG_CXX_LIBRARY = "libc++";
				CLANG_ENABLE_MODULES = YES;
				CLANG_ENABLE_OBJC_ARC = YES;
				CLANG_ENABLE_OBJC_WEAK = YES;
				CLANG_WARN_BLOCK_CAPTURE_AUTORELEASING = YES;
				CLANG_WARN_BOOL_CONVERSION = YES;
				CLANG_WARN_COMMA = YES;
				CLANG_WARN_CONSTANT_CONVERSION = YES;
				CLANG_WARN_DEPRECATED_OBJC_IMPLEMENTATIONS = YES;
				CLANG_WARN_DIRECT_OBJC_ISA_USAGE = YES_ERROR;
				CLANG_WARN_DOCUMENTATION_COMMENTS = YES;
				CLANG_WARN_EMPTY_BODY = YES;
				CLANG_WARN_ENUM_CONVERSION = YES;
				CLANG_WARN_INFINITE_RECURSION = YES;
				CLANG_WARN_INT_CONVERSION = YES;
				CLANG_WARN_NON_LITERAL_NULL_CONVERSION = YES;
				CLANG_WARN_OBJC_IMPLICIT_RETAIN_SELF = YES;
				CLANG_WARN_OBJC_LITERAL_CONVERSION = YES;
				CLANG_WARN_OBJC_ROOT_CLASS = YES_ERROR;
				CLANG_WARN_RANGE_LOOP_ANALYSIS = YES;
				CLANG_WARN_STRICT_PROTOTYPES = YES;
				CLANG_WARN_SUSPICIOUS_MOVE = YES;
				CLANG_WARN_UNGUARDED_AVAILABILITY = YES_AGGRESSIVE;
				CLANG_WARN_UNREACHABLE_CODE = YES;
				CLANG_WARN__DUPLICATE_METHOD_MATCH = YES;
				COPY_PHASE_STRIP = NO;
				DEBUG_INFORMATION_FORMAT = dwarf;
				ENABLE_STRICT_OBJC_MSGSEND = YES;
				ENABLE_TESTABILITY = YES;
				GCC_C_LANGUAGE_STANDARD = gnu11;
				GCC_DYNAMIC_NO_PIC = NO;
				GCC_NO_COMMON_BLOCKS = YES;
				GCC_OPTIMIZATION_LEVEL = 0;
				GCC_PREPROCESSOR_DEFINITIONS = (
					"DEBUG=1",
					"$(inherited)",
				);
				GCC_WARN_64_TO_32_BIT_CONVERSION = YES;
				GCC_WARN_ABOUT_RETURN_TYPE = YES_ERROR;
				GCC_WARN_UNDECLARED_SELECTOR = YES;
				GCC_WARN_UNINITIALIZED_AUTOS = YES_AGGRESSIVE;
				GCC_WARN_UNUSED_FUNCTION = YES;
				GCC_WARN_UNUSED_VARIABLE = YES;
				IPHONEOS_DEPLOYMENT_TARGET = 13.4;
				MTL_ENABLE_DEBUG_INFO = INCLUDE_SOURCE;
				MTL_FAST_MATH = YES;
				ONLY_ACTIVE_ARCH = YES;
				SDKROOT = iphoneos;
			};
			name = Debug;
		};
		5100C2CB24735BB40068DA10 /* Release */ = {
			isa = XCBuildConfiguration;
			buildSettings = {
				ALWAYS_SEARCH_USER_PATHS = NO;
				CLANG_ANALYZER_NONNULL = YES;
				CLANG_ANALYZER_NUMBER_OBJECT_CONVERSION = YES_AGGRESSIVE;
				CLANG_CXX_LANGUAGE_STANDARD = "gnu++14";
				CLANG_CXX_LIBRARY = "libc++";
				CLANG_ENABLE_MODULES = YES;
				CLANG_ENABLE_OBJC_ARC = YES;
				CLANG_ENABLE_OBJC_WEAK = YES;
				CLANG_WARN_BLOCK_CAPTURE_AUTORELEASING = YES;
				CLANG_WARN_BOOL_CONVERSION = YES;
				CLANG_WARN_COMMA = YES;
				CLANG_WARN_CONSTANT_CONVERSION = YES;
				CLANG_WARN_DEPRECATED_OBJC_IMPLEMENTATIONS = YES;
				CLANG_WARN_DIRECT_OBJC_ISA_USAGE = YES_ERROR;
				CLANG_WARN_DOCUMENTATION_COMMENTS = YES;
				CLANG_WARN_EMPTY_BODY = YES;
				CLANG_WARN_ENUM_CONVERSION = YES;
				CLANG_WARN_INFINITE_RECURSION = YES;
				CLANG_WARN_INT_CONVERSION = YES;
				CLANG_WARN_NON_LITERAL_NULL_CONVERSION = YES;
				CLANG_WARN_OBJC_IMPLICIT_RETAIN_SELF = YES;
				CLANG_WARN_OBJC_LITERAL_CONVERSION = YES;
				CLANG_WARN_OBJC_ROOT_CLASS = YES_ERROR;
				CLANG_WARN_RANGE_LOOP_ANALYSIS = YES;
				CLANG_WARN_STRICT_PROTOTYPES = YES;
				CLANG_WARN_SUSPICIOUS_MOVE = YES;
				CLANG_WARN_UNGUARDED_AVAILABILITY = YES_AGGRESSIVE;
				CLANG_WARN_UNREACHABLE_CODE = YES;
				CLANG_WARN__DUPLICATE_METHOD_MATCH = YES;
				COPY_PHASE_STRIP = NO;
				DEBUG_INFORMATION_FORMAT = "dwarf-with-dsym";
				ENABLE_NS_ASSERTIONS = NO;
				ENABLE_STRICT_OBJC_MSGSEND = YES;
				GCC_C_LANGUAGE_STANDARD = gnu11;
				GCC_NO_COMMON_BLOCKS = YES;
				GCC_WARN_64_TO_32_BIT_CONVERSION = YES;
				GCC_WARN_ABOUT_RETURN_TYPE = YES_ERROR;
				GCC_WARN_UNDECLARED_SELECTOR = YES;
				GCC_WARN_UNINITIALIZED_AUTOS = YES_AGGRESSIVE;
				GCC_WARN_UNUSED_FUNCTION = YES;
				GCC_WARN_UNUSED_VARIABLE = YES;
				IPHONEOS_DEPLOYMENT_TARGET = 13.4;
				MTL_ENABLE_DEBUG_INFO = NO;
				MTL_FAST_MATH = YES;
				SDKROOT = iphoneos;
				VALIDATE_PRODUCT = YES;
			};
			name = Release;
		};
		5100C2CD24735BB40068DA10 /* Debug */ = {
			isa = XCBuildConfiguration;
			buildSettings = {
				ASSETCATALOG_COMPILER_APPICON_NAME = AppIcon;
				CODE_SIGN_STYLE = Automatic;
				DEVELOPMENT_TEAM = 4XL58DYFGP;
				INFOPLIST_FILE = kkk/Info.plist;
				LD_RUNPATH_SEARCH_PATHS = (
					"$(inherited)",
					"@executable_path/Frameworks",
				);
				PRODUCT_BUNDLE_IDENTIFIER = com.onnuriinfotek.kkk;
				PRODUCT_NAME = "$(TARGET_NAME)";
				TARGETED_DEVICE_FAMILY = "1,2";
			};
			name = Debug;
		};
		5100C2CE24735BB40068DA10 /* Release */ = {
			isa = XCBuildConfiguration;
			buildSettings = {
				ASSETCATALOG_COMPILER_APPICON_NAME = AppIcon;
				CODE_SIGN_STYLE = Automatic;
				DEVELOPMENT_TEAM = 4XL58DYFGP;
				INFOPLIST_FILE = kkk/Info.plist;
				LD_RUNPATH_SEARCH_PATHS = (
					"$(inherited)",
					"@executable_path/Frameworks",
				);
				PRODUCT_BUNDLE_IDENTIFIER = com.onnuriinfotek.kkk;
				PRODUCT_NAME = "$(TARGET_NAME)";
				TARGETED_DEVICE_FAMILY = "1,2";
			};
			name = Release;
		};
		5100C2D024735BB40068DA10 /* Debug */ = {
			isa = XCBuildConfiguration;
			buildSettings = {
				BUNDLE_LOADER = "$(TEST_HOST)";
				CODE_SIGN_STYLE = Automatic;
				DEVELOPMENT_TEAM = 4XL58DYFGP;
				INFOPLIST_FILE = kkkTests/Info.plist;
				IPHONEOS_DEPLOYMENT_TARGET = 13.4;
				LD_RUNPATH_SEARCH_PATHS = (
					"$(inherited)",
					"@executable_path/Frameworks",
					"@loader_path/Frameworks",
				);
				PRODUCT_BUNDLE_IDENTIFIER = com.onnuriinfotek.kkkTests;
				PRODUCT_NAME = "$(TARGET_NAME)";
				TARGETED_DEVICE_FAMILY = "1,2";
				TEST_HOST = "$(BUILT_PRODUCTS_DIR)/kkk.app/kkk";
			};
			name = Debug;
		};
		5100C2D124735BB40068DA10 /* Release */ = {
			isa = XCBuildConfiguration;
			buildSettings = {
				BUNDLE_LOADER = "$(TEST_HOST)";
				CODE_SIGN_STYLE = Automatic;
				DEVELOPMENT_TEAM = 4XL58DYFGP;
				INFOPLIST_FILE = kkkTests/Info.plist;
				IPHONEOS_DEPLOYMENT_TARGET = 13.4;
				LD_RUNPATH_SEARCH_PATHS = (
					"$(inherited)",
					"@executable_path/Frameworks",
					"@loader_path/Frameworks",
				);
				PRODUCT_BUNDLE_IDENTIFIER = com.onnuriinfotek.kkkTests;
				PRODUCT_NAME = "$(TARGET_NAME)";
				TARGETED_DEVICE_FAMILY = "1,2";
				TEST_HOST = "$(BUILT_PRODUCTS_DIR)/kkk.app/kkk";
			};
			name = Release;
		};
		5100C2D324735BB40068DA10 /* Debug */ = {
			isa = XCBuildConfiguration;
			buildSettings = {
				CODE_SIGN_STYLE = Automatic;
				DEVELOPMENT_TEAM = 4XL58DYFGP;
				INFOPLIST_FILE = kkkUITests/Info.plist;
				LD_RUNPATH_SEARCH_PATHS = (
					"$(inherited)",
					"@executable_path/Frameworks",
					"@loader_path/Frameworks",
				);
				PRODUCT_BUNDLE_IDENTIFIER = com.onnuriinfotek.kkkUITests;
				PRODUCT_NAME = "$(TARGET_NAME)";
				TARGETED_DEVICE_FAMILY = "1,2";
				TEST_TARGET_NAME = kkk;
			};
			name = Debug;
		};
		5100C2D424735BB40068DA10 /* Release */ = {
			isa = XCBuildConfiguration;
			buildSettings = {
				CODE_SIGN_STYLE = Automatic;
				DEVELOPMENT_TEAM = 4XL58DYFGP;
				INFOPLIST_FILE = kkkUITests/Info.plist;
				LD_RUNPATH_SEARCH_PATHS = (
					"$(inherited)",
					"@executable_path/Frameworks",
					"@loader_path/Frameworks",
				);
				PRODUCT_BUNDLE_IDENTIFIER = com.onnuriinfotek.kkkUITests;
				PRODUCT_NAME = "$(TARGET_NAME)";
				TARGETED_DEVICE_FAMILY = "1,2";
				TEST_TARGET_NAME = kkk;
			};
			name = Release;
		};
/* End XCBuildConfiguration section */

/* Begin XCConfigurationList section */
		5100C29824735BB30068DA10 /* Build configuration list for PBXProject "kkk" */ = {
			isa = XCConfigurationList;
			buildConfigurations = (
				5100C2CA24735BB40068DA10 /* Debug */,
				5100C2CB24735BB40068DA10 /* Release */,
			);
			defaultConfigurationIsVisible = 0;
			defaultConfigurationName = Release;
		};
		5100C2CC24735BB40068DA10 /* Build configuration list for PBXNativeTarget "kkk" */ = {
			isa = XCConfigurationList;
			buildConfigurations = (
				5100C2CD24735BB40068DA10 /* Debug */,
				5100C2CE24735BB40068DA10 /* Release */,
			);
			defaultConfigurationIsVisible = 0;
			defaultConfigurationName = Release;
		};
		5100C2CF24735BB40068DA10 /* Build configuration list for PBXNativeTarget "kkkTests" */ = {
			isa = XCConfigurationList;
			buildConfigurations = (
				5100C2D024735BB40068DA10 /* Debug */,
				5100C2D124735BB40068DA10 /* Release */,
			);
			defaultConfigurationIsVisible = 0;
			defaultConfigurationName = Release;
		};
		5100C2D224735BB40068DA10 /* Build configuration list for PBXNativeTarget "kkkUITests" */ = {
			isa = XCConfigurationList;
			buildConfigurations = (
				5100C2D324735BB40068DA10 /* Debug */,
				5100C2D424735BB40068DA10 /* Release */,
			);
			defaultConfigurationIsVisible = 0;
			defaultConfigurationName = Release;
		};
/* End XCConfigurationList section */
	};
	rootObject = 5100C29524735BB30068DA10 /* Project object */;
}
